
Microsoft Visual Studio Solution File, Format Version 12.00
# Visual Studio Version 16
VisualStudioVersion = 16.0.31729.503
MinimumVisualStudioVersion = 10.0.40219.1
Project("{FAE04EC0-301F-11D3-BF4B-00C04F79EFBC}") = "HangFire.Demo", "HangFire.Demo\HangFire.Demo.csproj", "{6BC366C1-F271-4B7D-B32D-52D262E08EDA}"
EndProject
Global
	GlobalSection(SolutionConfigurationPlatforms) = preSolution
		Debug|Any CPU = Debug|Any CPU
		Release|Any CPU = Release|Any CPU
	EndGlobalSection
	GlobalSection(ProjectConfigurationPlatforms) = postSolution
		{6BC366C1-F271-4B7D-B32D-52D262E08EDA}.Debug|Any CPU.ActiveCfg = Debug|Any CPU
		{6BC366C1-F271-4B7D-B32D-52D262E08EDA}.Debug|Any CPU.Build.0 = Debug|Any CPU
		{6BC366C1-F271-4B7D-B32D-52D262E08EDA}.Release|Any CPU.ActiveCfg = Release|Any CPU
		{6BC366C1-F271-4B7D-B32D-52D262E08EDA}.Release|Any CPU.Build.0 = Release|Any CPU
	EndGlobalSection
	GlobalSection(SolutionProperties) = preSolution
		HideSolutionNode = FALSE
	EndGlobalSection
	GlobalSection(ExtensibilityGlobals) = postSolution
		SolutionGuid = {C59F86C5-0D57-41CA-BE58-BB9DB24FC45C}
	EndGlobalSection
EndGlobal
